
Microsoft Visual Studio Solution File, Format Version 12.00
# Visual Studio Version 17
VisualStudioVersion = 17.2.32602.215
MinimumVisualStudioVersion = 10.0.40219.1
Project("{9A19103F-16F7-4668-BE54-9A1E7A4F7556}") = "Inventory", "Inventory\Inventory.csproj", "{8CE7B6D1-BD71-4CEB-9A16-9E35B22E5B74}"
EndProject
Project("{9A19103F-16F7-4668-BE54-9A1E7A4F7556}") = "Entities", "Entities\Entities.csproj", "{BC4EB8F8-055E-4569-82A3-A8DB95AD7996}"
EndProject
Project("{9A19103F-16F7-4668-BE54-9A1E7A4F7556}") = "DataAccess", "DataAccess\DataAccess.csproj", "{2EF914CC-E61B-409D-A244-091931EF1A30}"
EndProject
Project("{9A19103F-16F7-4668-BE54-9A1E7A4F7556}") = "Business", "Business\Business.csproj", "{ABED5A38-F745-48A6-B235-52C554F989E6}"
EndProject
Global
	GlobalSection(SolutionConfigurationPlatforms) = preSolution
		Debug|Any CPU = Debug|Any CPU
		Release|Any CPU = Release|Any CPU
	EndGlobalSection
	GlobalSection(ProjectConfigurationPlatforms) = postSolution
		{8CE7B6D1-BD71-4CEB-9A16-9E35B22E5B74}.Debug|Any CPU.ActiveCfg = Debug|Any CPU
		{8CE7B6D1-BD71-4CEB-9A16-9E35B22E5B74}.Debug|Any CPU.Build.0 = Debug|Any CPU
		{8CE7B6D1-BD71-4CEB-9A16-9E35B22E5B74}.Release|Any CPU.ActiveCfg = Release|Any CPU
		{8CE7B6D1-BD71-4CEB-9A16-9E35B22E5B74}.Release|Any CPU.Build.0 = Release|Any CPU
		{BC4EB8F8-055E-4569-82A3-A8DB95AD7996}.Debug|Any CPU.ActiveCfg = Debug|Any CPU
		{BC4EB8F8-055E-4569-82A3-A8DB95AD7996}.Debug|Any CPU.Build.0 = Debug|Any CPU
		{BC4EB8F8-055E-4569-82A3-A8DB95AD7996}.Release|Any CPU.ActiveCfg = Release|Any CPU
		{BC4EB8F8-055E-4569-82A3-A8DB95AD7996}.Release|Any CPU.Build.0 = Release|Any CPU
		{2EF914CC-E61B-409D-A244-091931EF1A30}.Debug|Any CPU.ActiveCfg = Debug|Any CPU
		{2EF914CC-E61B-409D-A244-091931EF1A30}.Debug|Any CPU.Build.0 = Debug|Any CPU
		{2EF914CC-E61B-409D-A244-091931EF1A30}.Release|Any CPU.ActiveCfg = Release|Any CPU
		{2EF914CC-E61B-409D-A244-091931EF1A30}.Release|Any CPU.Build.0 = Release|Any CPU
		{ABED5A38-F745-48A6-B235-52C554F989E6}.Debug|Any CPU.ActiveCfg = Debug|Any CPU
		{ABED5A38-F745-48A6-B235-52C554F989E6}.Debug|Any CPU.Build.0 = Debug|Any CPU
		{ABED5A38-F745-48A6-B235-52C554F989E6}.Release|Any CPU.ActiveCfg = Release|Any CPU
		{ABED5A38-F745-48A6-B235-52C554F989E6}.Release|Any CPU.Build.0 = Release|Any CPU
	EndGlobalSection
	GlobalSection(SolutionProperties) = preSolution
		HideSolutionNode = FALSE
	EndGlobalSection
	GlobalSection(ExtensibilityGlobals) = postSolution
		SolutionGuid = {47C84777-C61E-4222-BB8F-F2064B3BD28B}
	EndGlobalSection
EndGlobal
